{
  "name": "orchardcore.transformalize",
  "version": "0.6.28",
  "lockfileVersion": 1,
  "requires": true,
  "dependencies": {
    "codemirror": {
      "version": "5.52.2",
      "resolved": "https://registry.npmjs.org/codemirror/-/codemirror-5.52.2.tgz",
      "integrity": "sha512-WCGCixNUck2HGvY8/ZNI1jYfxPG5cRHv0VjmWuNzbtCLz8qYA5d+je4QhSSCtCaagyeOwMi/HmmPTjBgiTm2lQ=="
    }
  }
}
